PODS:
  - Masonry (1.1.0)
  - SnapKit (5.6.0)

DEPENDENCIES:
  - Masonry
  - SnapKit

SPEC REPOS:
  trunk:
    - Masonry
    - SnapKit

SPEC CHECKSUMS:
  Masonry: 678fab65091a9290e40e2832a55e7ab731aad201
  SnapKit: e01d52ebb8ddbc333eefe2132acf85c8227d9c25

PODFILE CHECKSUM: d2dedbf83ada3b519f0ffea675fb2d4127f07c02

COCOAPODS: 1.12.1
